// !$*UTF8*$!
{
	archiveVersion = 1;
	classes = {
	};
	objectVersion = 47;
	objects = {

/* Begin PBXBuildFile section */
		C530DF3F1CEDBDCC001C30E9 /* JSONInfoParser.swift in Sources */ = {isa = PBXBuildFile; fileRef = C530DF3E1CEDBDCC001C30E9 /* JSONInfoParser.swift */; };
		C530DF411CEDC9FB001C30E9 /* Constants.swift in Sources */ = {isa = PBXBuildFile; fileRef = C530DF401CEDC9FB001C30E9 /* Constants.swift */; };
		C551D2501CEB7F8A003FA856 /* AppDelegate.swift in Sources */ = {isa = PBXBuildFile; fileRef = C551D24F1CEB7F8A003FA856 /* AppDelegate.swift */; };
		C551D2521CEB7F8A003FA856 /* MainViewController.swift in Sources */ = {isa = PBXBuildFile; fileRef = C551D2511CEB7F8A003FA856 /* MainViewController.swift */; };
		C551D2551CEB7F8A003FA856 /* Main.storyboard in Resources */ = {isa = PBXBuildFile; fileRef = C551D2531CEB7F8A003FA856 /* Main.storyboard */; };
		C551D2571CEB7F8A003FA856 /* Assets.xcassets in Resources */ = {isa = PBXBuildFile; fileRef = C551D2561CEB7F8A003FA856 /* Assets.xcassets */; };
		C551D25A1CEB7F8A003FA856 /* LaunchScreen.storyboard in Resources */ = {isa = PBXBuildFile; fileRef = C551D2581CEB7F8A003FA856 /* LaunchScreen.storyboard */; };
		C551D2621CEB867B003FA856 /* NetworkManager.swift in Sources */ = {isa = PBXBuildFile; fileRef = C551D2611CEB867B003FA856 /* NetworkManager.swift */; };
		C59226AE1CEDE4E900340B46 /* VideoSourceCell.swift in Sources */ = {isa = PBXBuildFile; fileRef = C59226AD1CEDE4E900340B46 /* VideoSourceCell.swift */; };
/* End PBXBuildFile section */

/* Begin PBXFileReference section */
		83206316A62CC5EB4E2C0070 /* Pods-Simple stream.debug.xcconfig */ = {isa = PBXFileReference; includeInIndex = 1; lastKnownFileType = text.xcconfig; name = "Pods-Simple stream.debug.xcconfig"; path = "Pods/Target Support Files/Pods-Simple stream/Pods-Simple stream.debug.xcconfig"; sourceTree = "<group>"; };
		93689E4558FE9E396045BD9A /* Pods_Simple_stream.framework */ = {isa = PBXFileReference; explicitFileType = wrapper.framework; includeInIndex = 0; path = Pods_Simple_stream.framework; sourceTree = BUILT_PRODUCTS_DIR; };
		BBF432C5A06F0D4AB2B629CE /* Pods-Simple stream.release.xcconfig */ = {isa = PBXFileReference; includeInIndex = 1; lastKnownFileType = text.xcconfig; name = "Pods-Simple stream.release.xcconfig"; path = "Pods/Target Support Files/Pods-Simple stream/Pods-Simple stream.release.xcconfig"; sourceTree = "<group>"; };
		C530DF3E1CEDBDCC001C30E9 /* JSONInfoParser.swift */ = {isa = PBXFileReference; fileEncoding = 4; lastKnownFileType = sourcecode.swift; path = JSONInfoParser.swift; sourceTree = "<group>"; };
		C530DF401CEDC9FB001C30E9 /* Constants.swift */ = {isa = PBXFileReference; fileEncoding = 4; lastKnownFileType = sourcecode.swift; path = Constants.swift; sourceTree = "<group>"; };
		C551D24C1CEB7F8A003FA856 /* Simple stream.app */ = {isa = PBXFileReference; explicitFileType = wrapper.application; includeInIndex = 0; path = "Simple stream.app"; sourceTree = BUILT_PRODUCTS_DIR; };
		C551D24F1CEB7F8A003FA856 /* AppDelegate.swift */ = {isa = PBXFileReference; lastKnownFileType = sourcecode.swift; path = AppDelegate.swift; sourceTree = "<group>"; };
		C551D2511CEB7F8A003FA856 /* MainViewController.swift */ = {isa = PBXFileReference; lastKnownFileType = sourcecode.swift; path = MainViewController.swift; sourceTree = "<group>"; };
		C551D2541CEB7F8A003FA856 /* Base */ = {isa = PBXFileReference; lastKnownFileType = file.storyboard; name = Base; path = Base.lproj/Main.storyboard; sourceTree = "<group>"; };
		C551D2561CEB7F8A003FA856 /* Assets.xcassets */ = {isa = PBXFileReference; lastKnownFileType = folder.assetcatalog; path = Assets.xcassets; sourceTree = "<group>"; };
		C551D2591CEB7F8A003FA856 /* Base */ = {isa = PBXFileReference; lastKnownFileType = file.storyboard; name = Base; path = Base.lproj/LaunchScreen.storyboard; sourceTree = "<group>"; };
		C551D25B1CEB7F8A003FA856 /* Info.plist */ = {isa = PBXFileReference; lastKnownFileType = text.plist.xml; path = Info.plist; sourceTree = "<group>"; };
		C551D2611CEB867B003FA856 /* NetworkManager.swift */ = {isa = PBXFileReference; fileEncoding = 4; lastKnownFileType = sourcecode.swift; path = NetworkManager.swift; sourceTree = "<group>"; };
		C59226AD1CEDE4E900340B46 /* VideoSourceCell.swift */ = {isa = PBXFileReference; fileEncoding = 4; lastKnownFileType = sourcecode.swift; path = VideoSourceCell.swift; sourceTree = "<group>"; };
/* End PBXFileReference section */

/* Begin PBXFrameworksBuildPhase section */
		C551D2491CEB7F8A003FA856 /* Frameworks */ = {
			isa = PBXFrameworksBuildPhase;
			buildActionMask = 2147483647;
			files = (
			);
			runOnlyForDeploymentPostprocessing = 0;
		};
/* End PBXFrameworksBuildPhase section */

/* Begin PBXGroup section */
		20EF2A88C3B2C221AF8B26F1 /* Frameworks */ = {
			isa = PBXGroup;
			children = (
				93689E4558FE9E396045BD9A /* Pods_Simple_stream.framework */,
			);
			name = Frameworks;
			sourceTree = "<group>";
		};
		9542854B9AE7E127BD313A93 /* Pods */ = {
			isa = PBXGroup;
			children = (
				83206316A62CC5EB4E2C0070 /* Pods-Simple stream.debug.xcconfig */,
				BBF432C5A06F0D4AB2B629CE /* Pods-Simple stream.release.xcconfig */,
			);
			name = Pods;
			sourceTree = "<group>";
		};
		C551D2431CEB7F8A003FA856 = {
			isa = PBXGroup;
			children = (
				C551D24E1CEB7F8A003FA856 /* Simple stream */,
				C551D24D1CEB7F8A003FA856 /* Products */,
				9542854B9AE7E127BD313A93 /* Pods */,
				20EF2A88C3B2C221AF8B26F1 /* Frameworks */,
			);
			sourceTree = "<group>";
		};
		C551D24D1CEB7F8A003FA856 /* Products */ = {
			isa = PBXGroup;
			children = (
				C551D24C1CEB7F8A003FA856 /* Simple stream.app */,
			);
			name = Products;
			sourceTree = "<group>";
		};
		C551D24E1CEB7F8A003FA856 /* Simple stream */ = {
			isa = PBXGroup;
			children = (
				C551D24F1CEB7F8A003FA856 /* AppDelegate.swift */,
				C551D2511CEB7F8A003FA856 /* MainViewController.swift */,
				C551D2531CEB7F8A003FA856 /* Main.storyboard */,
				C551D2561CEB7F8A003FA856 /* Assets.xcassets */,
				C551D2581CEB7F8A003FA856 /* LaunchScreen.storyboard */,
				C551D25B1CEB7F8A003FA856 /* Info.plist */,
				C551D2611CEB867B003FA856 /* NetworkManager.swift */,
				C530DF3E1CEDBDCC001C30E9 /* JSONInfoParser.swift */,
				C530DF401CEDC9FB001C30E9 /* Constants.swift */,
				C59226AD1CEDE4E900340B46 /* VideoSourceCell.swift */,
			);
			path = "Simple stream";
			sourceTree = "<group>";
		};
/* End PBXGroup section */

/* Begin PBXNativeTarget section */
		C551D24B1CEB7F8A003FA856 /* Simple stream */ = {
			isa = PBXNativeTarget;
			buildConfigurationList = C551D25E1CEB7F8A003FA856 /* Build configuration list for PBXNativeTarget "Simple stream" */;
			buildPhases = (
				C551D2481CEB7F8A003FA856 /* Sources */,
				C551D2491CEB7F8A003FA856 /* Frameworks */,
				C551D24A1CEB7F8A003FA856 /* Resources */,
			);
			buildRules = (
			);
			dependencies = (
			);
			name = "Simple stream";
			productName = "Simple stream";
			productReference = C551D24C1CEB7F8A003FA856 /* Simple stream.app */;
			productType = "com.apple.product-type.application";
		};
/* End PBXNativeTarget section */

/* Begin PBXProject section */
		C551D2441CEB7F8A003FA856 /* Project object */ = {
			isa = PBXProject;
			attributes = {
				LastSwiftUpdateCheck = 0730;
				LastUpgradeCheck = 0730;
				ORGANIZATIONNAME = "Serhii Shapoval";
				TargetAttributes = {
					C551D24B1CEB7F8A003FA856 = {
						CreatedOnToolsVersion = 7.3;
						DevelopmentTeam = TVMFX8XPT9;
					};
				};
			};
			buildConfigurationList = C551D2471CEB7F8A003FA856 /* Build configuration list for PBXProject "Simple stream" */;
			compatibilityVersion = "Xcode 6.3";
			developmentRegion = English;
			hasScannedForEncodings = 0;
			knownRegions = (
				en,
				Base,
			);
			mainGroup = C551D2431CEB7F8A003FA856;
			productRefGroup = C551D24D1CEB7F8A003FA856 /* Products */;
			projectDirPath = "";
			projectRoot = "";
			targets = (
				C551D24B1CEB7F8A003FA856 /* Simple stream */,
			);
		};
/* End PBXProject section */

/* Begin PBXResourcesBuildPhase section */
		C551D24A1CEB7F8A003FA856 /* Resources */ = {
			isa = PBXResourcesBuildPhase;
			buildActionMask = 2147483647;
			files = (
				C551D25A1CEB7F8A003FA856 /* LaunchScreen.storyboard in Resources */,
				C551D2571CEB7F8A003FA856 /* Assets.xcassets in Resources */,
				C551D2551CEB7F8A003FA856 /* Main.storyboard in Resources */,
			);
			runOnlyForDeploymentPostprocessing = 0;
		};
/* End PBXResourcesBuildPhase section */

/* Begin PBXSourcesBuildPhase section */
		C551D2481CEB7F8A003FA856 /* Sources */ = {
			isa = PBXSourcesBuildPhase;
			buildActionMask = 2147483647;
			files = (
				C59226AE1CEDE4E900340B46 /* VideoSourceCell.swift in Sources */,
				C530DF411CEDC9FB001C30E9 /* Constants.swift in Sources */,
				C551D2621CEB867B003FA856 /* NetworkManager.swift in Sources */,
				C551D2521CEB7F8A003FA856 /* MainViewController.swift in Sources */,
				C530DF3F1CEDBDCC001C30E9 /* JSONInfoParser.swift in Sources */,
				C551D2501CEB7F8A003FA856 /* AppDelegate.swift in Sources */,
			);
			runOnlyForDeploymentPostprocessing = 0;
		};
/* End PBXSourcesBuildPhase section */

/* Begin PBXVariantGroup section */
		C551D2531CEB7F8A003FA856 /* Main.storyboard */ = {
			isa = PBXVariantGroup;
			children = (
				C551D2541CEB7F8A003FA856 /* Base */,
			);
			name = Main.storyboard;
			sourceTree = "<group>";
		};
		C551D2581CEB7F8A003FA856 /* LaunchScreen.storyboard */ = {
			isa = PBXVariantGroup;
			children = (
				C551D2591CEB7F8A003FA856 /* Base */,
			);
			name = LaunchScreen.storyboard;
			sourceTree = "<group>";
		};
/* End PBXVariantGroup section */

/* Begin XCBuildConfiguration section */
		C551D25C1CEB7F8A003FA856 /* Debug */ = {
			isa = XCBuildConfiguration;
			buildSettings = {
				ALWAYS_SEARCH_USER_PATHS = NO;
				CLANG_ANALYZER_NONNULL = YES;
				CLANG_CXX_LANGUAGE_STANDARD = "gnu++0x";
				CLANG_CXX_LIBRARY = "libc++";
				CLANG_ENABLE_MODULES = YES;
				CLANG_ENABLE_OBJC_ARC = YES;
				CLANG_WARN_BOOL_CONVERSION = YES;
				CLANG_WARN_CONSTANT_CONVERSION = YES;
				CLANG_WARN_DIRECT_OBJC_ISA_USAGE = YES_ERROR;
				CLANG_WARN_EMPTY_BODY = YES;
				CLANG_WARN_ENUM_CONVERSION = YES;
				CLANG_WARN_INT_CONVERSION = YES;
				CLANG_WARN_OBJC_ROOT_CLASS = YES_ERROR;
				CLANG_WARN_UNREACHABLE_CODE = YES;
				CLANG_WARN__DUPLICATE_METHOD_MATCH = YES;
				"CODE_SIGN_IDENTITY[sdk=iphoneos*]" = "iPhone Developer";
				COPY_PHASE_STRIP = NO;
				DEBUG_INFORMATION_FORMAT = dwarf;
				ENABLE_STRICT_OBJC_MSGSEND = YES;
				ENABLE_TESTABILITY = YES;
				GCC_C_LANGUAGE_STANDARD = gnu99;
				GCC_DYNAMIC_NO_PIC = NO;
				GCC_NO_COMMON_BLOCKS = YES;
				GCC_OPTIMIZATION_LEVEL = 0;
				GCC_PREPROCESSOR_DEFINITIONS = (
					"DEBUG=1",
					"$(inherited)",
				);
				GCC_WARN_64_TO_32_BIT_CONVERSION = YES;
				GCC_WARN_ABOUT_RETURN_TYPE = YES_ERROR;
				GCC_WARN_UNDECLARED_SELECTOR = YES;
				GCC_WARN_UNINITIALIZED_AUTOS = YES_AGGRESSIVE;
				GCC_WARN_UNUSED_FUNCTION = YES;
				GCC_WARN_UNUSED_VARIABLE = YES;
				IPHONEOS_DEPLOYMENT_TARGET = 9.3;
				MTL_ENABLE_DEBUG_INFO = YES;
				ONLY_ACTIVE_ARCH = YES;
				SDKROOT = iphoneos;
				SWIFT_OPTIMIZATION_LEVEL = "-Onone";
			};
			name = Debug;
		};
		C551D25D1CEB7F8A003FA856 /* Release */ = {
			isa = XCBuildConfiguration;
			buildSettings = {
				ALWAYS_SEARCH_USER_PATHS = NO;
				CLANG_ANALYZER_NONNULL = YES;
				CLANG_CXX_LANGUAGE_STANDARD = "gnu++0x";
				CLANG_CXX_LIBRARY = "libc++";
				CLANG_ENABLE_MODULES = YES;
				CLANG_ENABLE_OBJC_ARC = YES;
				CLANG_WARN_BOOL_CONVERSION = YES;
				CLANG_WARN_CONSTANT_CONVERSION = YES;
				CLANG_WARN_DIRECT_OBJC_ISA_USAGE = YES_ERROR;
				CLANG_WARN_EMPTY_BODY = YES;
				CLANG_WARN_ENUM_CONVERSION = YES;
				CLANG_WARN_INT_CONVERSION = YES;
				CLANG_WARN_OBJC_ROOT_CLASS = YES_ERROR;
				CLANG_WARN_UNREACHABLE_CODE = YES;
				CLANG_WARN__DUPLICATE_METHOD_MATCH = YES;
				"CODE_SIGN_IDENTITY[sdk=iphoneos*]" = "iPhone Developer";
				COPY_PHASE_STRIP = NO;
				DEBUG_INFORMATION_FORMAT = "dwarf-with-dsym";
				ENABLE_NS_ASSERTIONS = NO;
				ENABLE_STRICT_OBJC_MSGSEND = YES;
				GCC_C_LANGUAGE_STANDARD = gnu99;
				GCC_NO_COMMON_BLOCKS = YES;
				GCC_WARN_64_TO_32_BIT_CONVERSION = YES;
				GCC_WARN_ABOUT_RETURN_TYPE = YES_ERROR;
				GCC_WARN_UNDECLARED_SELECTOR = YES;
				GCC_WARN_UNINITIALIZED_AUTOS = YES_AGGRESSIVE;
				GCC_WARN_UNUSED_FUNCTION = YES;
				GCC_WARN_UNUSED_VARIABLE = YES;
				IPHONEOS_DEPLOYMENT_TARGET = 9.3;
				MTL_ENABLE_DEBUG_INFO = NO;
				SDKROOT = iphoneos;
				VALIDATE_PRODUCT = YES;
			};
			name = Release;
		};
		C551D25F1CEB7F8A003FA856 /* Debug */ = {
			isa = XCBuildConfiguration;
			buildSettings = {
				ASSETCATALOG_COMPILER_APPICON_NAME = AppIcon;
				ASSETCATALOG_COMPILER_LAUNCHIMAGE_NAME = "Brand Assets";
				CODE_SIGN_IDENTITY = "iPhone Developer";
				FRAMEWORK_SEARCH_PATHS = "$(inherited)";
				HEADER_SEARCH_PATHS = "";
				INFOPLIST_FILE = "Simple stream/Info.plist";
				LD_RUNPATH_SEARCH_PATHS = "$(inherited) @executable_path/Frameworks";
				PRODUCT_BUNDLE_IDENTIFIER = "com.serhii.Simple-stream";
				PRODUCT_NAME = "$(TARGET_NAME)";
			};
			name = Debug;
		};
		C551D2601CEB7F8A003FA856 /* Release */ = {
			isa = XCBuildConfiguration;
			buildSettings = {
				ASSETCATALOG_COMPILER_APPICON_NAME = AppIcon;
				ASSETCATALOG_COMPILER_LAUNCHIMAGE_NAME = "Brand Assets";
				CODE_SIGN_IDENTITY = "iPhone Developer";
				FRAMEWORK_SEARCH_PATHS = "$(inherited)";
				HEADER_SEARCH_PATHS = "";
				INFOPLIST_FILE = "Simple stream/Info.plist";
				LD_RUNPATH_SEARCH_PATHS = "$(inherited) @executable_path/Frameworks";
				PRODUCT_BUNDLE_IDENTIFIER = "com.serhii.Simple-stream";
				PRODUCT_NAME = "$(TARGET_NAME)";
			};
			name = Release;
		};
/* End XCBuildConfiguration section */

/* Begin XCConfigurationList section */
		C551D2471CEB7F8A003FA856 /* Build configuration list for PBXProject "Simple stream" */ = {
			isa = XCConfigurationList;
			buildConfigurations = (
				C551D25C1CEB7F8A003FA856 /* Debug */,
				C551D25D1CEB7F8A003FA856 /* Release */,
			);
			defaultConfigurationIsVisible = 0;
			defaultConfigurationName = Release;
		};
		C551D25E1CEB7F8A003FA856 /* Build configuration list for PBXNativeTarget "Simple stream" */ = {
			isa = XCConfigurationList;
			buildConfigurations = (
				C551D25F1CEB7F8A003FA856 /* Debug */,
				C551D2601CEB7F8A003FA856 /* Release */,
			);
			defaultConfigurationIsVisible = 0;
			defaultConfigurationName = Release;
		};
/* End XCConfigurationList section */
	};
	rootObject = C551D2441CEB7F8A003FA856 /* Project object */;
}
